
Microsoft Visual Studio Solution File, Format Version 12.00
# Visual Studio Version 16
VisualStudioVersion = 16.0.32228.343
MinimumVisualStudioVersion = 10.0.40219.1
Project("{8BC9CEB8-8B4A-11D0-8D11-00A0C91BC942}") = "Demo04_21", "Demo04_21\Demo04_21.vcxproj", "{B1A7D071-E0F7-49AD-BE10-40EDD632F054}"
EndProject
Global
	GlobalSection(SolutionConfigurationPlatforms) = preSolution
		Debug|x64 = Debug|x64
		Debug|x86 = Debug|x86
		Release|x64 = Release|x64
		Release|x86 = Release|x86
	EndGlobalSection
	GlobalSection(ProjectConfigurationPlatforms) = postSolution
		{B1A7D071-E0F7-49AD-BE10-40EDD632F054}.Debug|x64.ActiveCfg = Debug|x64
		{B1A7D071-E0F7-49AD-BE10-40EDD632F054}.Debug|x64.Build.0 = Debug|x64
		{B1A7D071-E0F7-49AD-BE10-40EDD632F054}.Debug|x86.ActiveCfg = Debug|Win32
		{B1A7D071-E0F7-49AD-BE10-40EDD632F054}.Debug|x86.Build.0 = Debug|Win32
		{B1A7D071-E0F7-49AD-BE10-40EDD632F054}.Release|x64.ActiveCfg = Release|x64
		{B1A7D071-E0F7-49AD-BE10-40EDD632F054}.Release|x64.Build.0 = Release|x64
		{B1A7D071-E0F7-49AD-BE10-40EDD632F054}.Release|x86.ActiveCfg = Release|Win32
		{B1A7D071-E0F7-49AD-BE10-40EDD632F054}.Release|x86.Build.0 = Release|Win32
	EndGlobalSection
	GlobalSection(SolutionProperties) = preSolution
		HideSolutionNode = FALSE
	EndGlobalSection
	GlobalSection(ExtensibilityGlobals) = postSolution
		SolutionGuid = {FAF9B303-4DFD-41E8-8B2D-CEB746E8EE2F}
	EndGlobalSection
EndGlobal
